
Microsoft Visual Studio Solution File, Format Version 12.00
# Visual Studio Version 16
VisualStudioVersion = 16.0.29123.89
MinimumVisualStudioVersion = 10.0.40219.1
Project("{FAE04EC0-301F-11D3-BF4B-00C04F79EFBC}") = "BakeryWebsite", "BakeryWebsite\BakeryWebsite.csproj", "{C504A338-15A1-4ED3-B654-7279D64C1434}"
EndProject
Global
	GlobalSection(SolutionConfigurationPlatforms) = preSolution
		Debug|Any CPU = Debug|Any CPU
		Release|Any CPU = Release|Any CPU
	EndGlobalSection
	GlobalSection(ProjectConfigurationPlatforms) = postSolution
		{C504A338-15A1-4ED3-B654-7279D64C1434}.Debug|Any CPU.ActiveCfg = Debug|Any CPU
		{C504A338-15A1-4ED3-B654-7279D64C1434}.Debug|Any CPU.Build.0 = Debug|Any CPU
		{C504A338-15A1-4ED3-B654-7279D64C1434}.Release|Any CPU.ActiveCfg = Release|Any CPU
		{C504A338-15A1-4ED3-B654-7279D64C1434}.Release|Any CPU.Build.0 = Release|Any CPU
	EndGlobalSection
	GlobalSection(SolutionProperties) = preSolution
		HideSolutionNode = FALSE
	EndGlobalSection
	GlobalSection(ExtensibilityGlobals) = postSolution
		SolutionGuid = {A081818B-BF26-41CB-B86C-65193267A65E}
	EndGlobalSection
EndGlobal
